
Microsoft Visual Studio Solution File, Format Version 12.00
# Visual Studio Version 17
VisualStudioVersion = 17.2.32526.322
MinimumVisualStudioVersion = 10.0.40219.1
Project("{FAE04EC0-301F-11D3-BF4B-00C04F79EFBC}") = "LearningWPF", "LearningWPF\LearningWPF.csproj", "{FCBA209E-4033-4A1E-A3EB-0175CB6C1D8F}"
EndProject
Project("{FAE04EC0-301F-11D3-BF4B-00C04F79EFBC}") = "Common.Library", "Common.Library\Common.Library.csproj", "{75BCEAB1-0A02-4676-BCB4-2A61E3ACB641}"
EndProject
Global
	GlobalSection(SolutionConfigurationPlatforms) = preSolution
		Debug|Any CPU = Debug|Any CPU
		Release|Any CPU = Release|Any CPU
	EndGlobalSection
	GlobalSection(ProjectConfigurationPlatforms) = postSolution
		{FCBA209E-4033-4A1E-A3EB-0175CB6C1D8F}.Debug|Any CPU.ActiveCfg = Debug|Any CPU
		{FCBA209E-4033-4A1E-A3EB-0175CB6C1D8F}.Debug|Any CPU.Build.0 = Debug|Any CPU
		{FCBA209E-4033-4A1E-A3EB-0175CB6C1D8F}.Release|Any CPU.ActiveCfg = Release|Any CPU
		{FCBA209E-4033-4A1E-A3EB-0175CB6C1D8F}.Release|Any CPU.Build.0 = Release|Any CPU
		{75BCEAB1-0A02-4676-BCB4-2A61E3ACB641}.Debug|Any CPU.ActiveCfg = Debug|Any CPU
		{75BCEAB1-0A02-4676-BCB4-2A61E3ACB641}.Debug|Any CPU.Build.0 = Debug|Any CPU
		{75BCEAB1-0A02-4676-BCB4-2A61E3ACB641}.Release|Any CPU.ActiveCfg = Release|Any CPU
		{75BCEAB1-0A02-4676-BCB4-2A61E3ACB641}.Release|Any CPU.Build.0 = Release|Any CPU
	EndGlobalSection
	GlobalSection(SolutionProperties) = preSolution
		HideSolutionNode = FALSE
	EndGlobalSection
	GlobalSection(ExtensibilityGlobals) = postSolution
		SolutionGuid = {676A0E23-C554-4815-9561-07E4B55096E2}
	EndGlobalSection
EndGlobal
